
Microsoft Visual Studio Solution File, Format Version 12.00
# Visual Studio 15
VisualStudioVersion = 15.0.26124.0
MinimumVisualStudioVersion = 15.0.26124.0
Project("{F2A71F9B-5D33-465A-A702-920D77279786}") = "AppWithPlugin", "AppWithPlugin\AppWithPlugin.fsproj", "{6DCE5F89-B3AA-4574-B841-2846BBA9F95D}"
EndProject
Project("{F2A71F9B-5D33-465A-A702-920D77279786}") = "PluginBase", "PluginBase\PluginBase.fsproj", "{4E47D7BF-D70A-46E3-B81B-646AAF9440D0}"
EndProject
Project("{F2A71F9B-5D33-465A-A702-920D77279786}") = "HelloPlugin", "HelloPlugin\HelloPlugin.fsproj", "{9240B6A6-5489-4767-A7D8-02C00FED19C4}"
EndProject
Project("{F2A71F9B-5D33-465A-A702-920D77279786}") = "JsonPlugin", "JsonPlugin\JsonPlugin.fsproj", "{C95D3320-2DAD-4E13-B405-FC071893EAB6}"
EndProject
Project("{F2A71F9B-5D33-465A-A702-920D77279786}") = "XcopyablePlugin", "XcopyablePlugin\XcopyablePlugin.fsproj", "{6A5F4C88-DBD4-45CB-807F-279F65A3E2F8}"
EndProject
Project("{F2A71F9B-5D33-465A-A702-920D77279786}") = "OldJsonPlugin", "OldJsonPlugin\OldJsonPlugin.fsproj", "{87A3FA54-7AEB-420F-A7F9-4FC252A9DDE0}"
EndProject
Project("{F2A71F9B-5D33-465A-A702-920D77279786}") = "FrenchPlugin", "FrenchPlugin\FrenchPlugin.fsproj", "{53AAD965-40F6-4020-A91B-8ACC92873B3B}"
EndProject
Project("{F2A71F9B-5D33-465A-A702-920D77279786}") = "UVPlugin", "UVPlugin\UVPlugin.fsproj", "{814F73E8-85B1-449B-B37B-2D66BC9D4043}"
EndProject
Global
	GlobalSection(SolutionConfigurationPlatforms) = preSolution
		Debug|Any CPU = Debug|Any CPU
		Debug|x64 = Debug|x64
		Debug|x86 = Debug|x86
		Release|Any CPU = Release|Any CPU
		Release|x64 = Release|x64
		Release|x86 = Release|x86
	EndGlobalSection
	GlobalSection(SolutionProperties) = preSolution
		HideSolutionNode = FALSE
	EndGlobalSection
	GlobalSection(ProjectConfigurationPlatforms) = postSolution
		{6DCE5F89-B3AA-4574-B841-2846BBA9F95D}.Debug|Any CPU.ActiveCfg = Debug|Any CPU
		{6DCE5F89-B3AA-4574-B841-2846BBA9F95D}.Debug|Any CPU.Build.0 = Debug|Any CPU
		{6DCE5F89-B3AA-4574-B841-2846BBA9F95D}.Debug|x64.ActiveCfg = Debug|Any CPU
		{6DCE5F89-B3AA-4574-B841-2846BBA9F95D}.Debug|x64.Build.0 = Debug|Any CPU
		{6DCE5F89-B3AA-4574-B841-2846BBA9F95D}.Debug|x86.ActiveCfg = Debug|Any CPU
		{6DCE5F89-B3AA-4574-B841-2846BBA9F95D}.Debug|x86.Build.0 = Debug|Any CPU
		{6DCE5F89-B3AA-4574-B841-2846BBA9F95D}.Release|Any CPU.ActiveCfg = Release|Any CPU
		{6DCE5F89-B3AA-4574-B841-2846BBA9F95D}.Release|Any CPU.Build.0 = Release|Any CPU
		{6DCE5F89-B3AA-4574-B841-2846BBA9F95D}.Release|x64.ActiveCfg = Release|Any CPU
		{6DCE5F89-B3AA-4574-B841-2846BBA9F95D}.Release|x64.Build.0 = Release|Any CPU
		{6DCE5F89-B3AA-4574-B841-2846BBA9F95D}.Release|x86.ActiveCfg = Release|Any CPU
		{6DCE5F89-B3AA-4574-B841-2846BBA9F95D}.Release|x86.Build.0 = Release|Any CPU
		{4E47D7BF-D70A-46E3-B81B-646AAF9440D0}.Debug|Any CPU.ActiveCfg = Debug|Any CPU
		{4E47D7BF-D70A-46E3-B81B-646AAF9440D0}.Debug|Any CPU.Build.0 = Debug|Any CPU
		{4E47D7BF-D70A-46E3-B81B-646AAF9440D0}.Debug|x64.ActiveCfg = Debug|Any CPU
		{4E47D7BF-D70A-46E3-B81B-646AAF9440D0}.Debug|x64.Build.0 = Debug|Any CPU
		{4E47D7BF-D70A-46E3-B81B-646AAF9440D0}.Debug|x86.ActiveCfg = Debug|Any CPU
		{4E47D7BF-D70A-46E3-B81B-646AAF9440D0}.Debug|x86.Build.0 = Debug|Any CPU
		{4E47D7BF-D70A-46E3-B81B-646AAF9440D0}.Release|Any CPU.ActiveCfg = Release|Any CPU
		{4E47D7BF-D70A-46E3-B81B-646AAF9440D0}.Release|Any CPU.Build.0 = Release|Any CPU
		{4E47D7BF-D70A-46E3-B81B-646AAF9440D0}.Release|x64.ActiveCfg = Release|Any CPU
		{4E47D7BF-D70A-46E3-B81B-646AAF9440D0}.Release|x64.Build.0 = Release|Any CPU
		{4E47D7BF-D70A-46E3-B81B-646AAF9440D0}.Release|x86.ActiveCfg = Release|Any CPU
		{4E47D7BF-D70A-46E3-B81B-646AAF9440D0}.Release|x86.Build.0 = Release|Any CPU
		{9240B6A6-5489-4767-A7D8-02C00FED19C4}.Debug|Any CPU.ActiveCfg = Debug|Any CPU
		{9240B6A6-5489-4767-A7D8-02C00FED19C4}.Debug|Any CPU.Build.0 = Debug|Any CPU
		{9240B6A6-5489-4767-A7D8-02C00FED19C4}.Debug|x64.ActiveCfg = Debug|Any CPU
		{9240B6A6-5489-4767-A7D8-02C00FED19C4}.Debug|x64.Build.0 = Debug|Any CPU
		{9240B6A6-5489-4767-A7D8-02C00FED19C4}.Debug|x86.ActiveCfg = Debug|Any CPU
		{9240B6A6-5489-4767-A7D8-02C00FED19C4}.Debug|x86.Build.0 = Debug|Any CPU
		{9240B6A6-5489-4767-A7D8-02C00FED19C4}.Release|Any CPU.ActiveCfg = Release|Any CPU
		{9240B6A6-5489-4767-A7D8-02C00FED19C4}.Release|Any CPU.Build.0 = Release|Any CPU
		{9240B6A6-5489-4767-A7D8-02C00FED19C4}.Release|x64.ActiveCfg = Release|Any CPU
		{9240B6A6-5489-4767-A7D8-02C00FED19C4}.Release|x64.Build.0 = Release|Any CPU
		{9240B6A6-5489-4767-A7D8-02C00FED19C4}.Release|x86.ActiveCfg = Release|Any CPU
		{9240B6A6-5489-4767-A7D8-02C00FED19C4}.Release|x86.Build.0 = Release|Any CPU
		{C95D3320-2DAD-4E13-B405-FC071893EAB6}.Debug|Any CPU.ActiveCfg = Debug|Any CPU
		{C95D3320-2DAD-4E13-B405-FC071893EAB6}.Debug|Any CPU.Build.0 = Debug|Any CPU
		{C95D3320-2DAD-4E13-B405-FC071893EAB6}.Debug|x64.ActiveCfg = Debug|Any CPU
		{C95D3320-2DAD-4E13-B405-FC071893EAB6}.Debug|x64.Build.0 = Debug|Any CPU
		{C95D3320-2DAD-4E13-B405-FC071893EAB6}.Debug|x86.ActiveCfg = Debug|Any CPU
		{C95D3320-2DAD-4E13-B405-FC071893EAB6}.Debug|x86.Build.0 = Debug|Any CPU
		{C95D3320-2DAD-4E13-B405-FC071893EAB6}.Release|Any CPU.ActiveCfg = Release|Any CPU
		{C95D3320-2DAD-4E13-B405-FC071893EAB6}.Release|Any CPU.Build.0 = Release|Any CPU
		{C95D3320-2DAD-4E13-B405-FC071893EAB6}.Release|x64.ActiveCfg = Release|Any CPU
		{C95D3320-2DAD-4E13-B405-FC071893EAB6}.Release|x64.Build.0 = Release|Any CPU
		{C95D3320-2DAD-4E13-B405-FC071893EAB6}.Release|x86.ActiveCfg = Release|Any CPU
		{C95D3320-2DAD-4E13-B405-FC071893EAB6}.Release|x86.Build.0 = Release|Any CPU
		{6A5F4C88-DBD4-45CB-807F-279F65A3E2F8}.Debug|Any CPU.ActiveCfg = Debug|Any CPU
		{6A5F4C88-DBD4-45CB-807F-279F65A3E2F8}.Debug|Any CPU.Build.0 = Debug|Any CPU
		{6A5F4C88-DBD4-45CB-807F-279F65A3E2F8}.Debug|x64.ActiveCfg = Debug|Any CPU
		{6A5F4C88-DBD4-45CB-807F-279F65A3E2F8}.Debug|x64.Build.0 = Debug|Any CPU
		{6A5F4C88-DBD4-45CB-807F-279F65A3E2F8}.Debug|x86.ActiveCfg = Debug|Any CPU
		{6A5F4C88-DBD4-45CB-807F-279F65A3E2F8}.Debug|x86.Build.0 = Debug|Any CPU
		{6A5F4C88-DBD4-45CB-807F-279F65A3E2F8}.Release|Any CPU.ActiveCfg = Release|Any CPU
		{6A5F4C88-DBD4-45CB-807F-279F65A3E2F8}.Release|Any CPU.Build.0 = Release|Any CPU
		{6A5F4C88-DBD4-45CB-807F-279F65A3E2F8}.Release|x64.ActiveCfg = Release|Any CPU
		{6A5F4C88-DBD4-45CB-807F-279F65A3E2F8}.Release|x64.Build.0 = Release|Any CPU
		{6A5F4C88-DBD4-45CB-807F-279F65A3E2F8}.Release|x86.ActiveCfg = Release|Any CPU
		{6A5F4C88-DBD4-45CB-807F-279F65A3E2F8}.Release|x86.Build.0 = Release|Any CPU
		{87A3FA54-7AEB-420F-A7F9-4FC252A9DDE0}.Debug|Any CPU.ActiveCfg = Debug|Any CPU
		{87A3FA54-7AEB-420F-A7F9-4FC252A9DDE0}.Debug|Any CPU.Build.0 = Debug|Any CPU
		{87A3FA54-7AEB-420F-A7F9-4FC252A9DDE0}.Debug|x64.ActiveCfg = Debug|Any CPU
		{87A3FA54-7AEB-420F-A7F9-4FC252A9DDE0}.Debug|x64.Build.0 = Debug|Any CPU
		{87A3FA54-7AEB-420F-A7F9-4FC252A9DDE0}.Debug|x86.ActiveCfg = Debug|Any CPU
		{87A3FA54-7AEB-420F-A7F9-4FC252A9DDE0}.Debug|x86.Build.0 = Debug|Any CPU
		{87A3FA54-7AEB-420F-A7F9-4FC252A9DDE0}.Release|Any CPU.ActiveCfg = Release|Any CPU
		{87A3FA54-7AEB-420F-A7F9-4FC252A9DDE0}.Release|Any CPU.Build.0 = Release|Any CPU
		{87A3FA54-7AEB-420F-A7F9-4FC252A9DDE0}.Release|x64.ActiveCfg = Release|Any CPU
		{87A3FA54-7AEB-420F-A7F9-4FC252A9DDE0}.Release|x64.Build.0 = Release|Any CPU
		{87A3FA54-7AEB-420F-A7F9-4FC252A9DDE0}.Release|x86.ActiveCfg = Release|Any CPU
		{87A3FA54-7AEB-420F-A7F9-4FC252A9DDE0}.Release|x86.Build.0 = Release|Any CPU
		{53AAD965-40F6-4020-A91B-8ACC92873B3B}.Debug|Any CPU.ActiveCfg = Debug|Any CPU
		{53AAD965-40F6-4020-A91B-8ACC92873B3B}.Debug|Any CPU.Build.0 = Debug|Any CPU
		{53AAD965-40F6-4020-A91B-8ACC92873B3B}.Debug|x64.ActiveCfg = Debug|Any CPU
		{53AAD965-40F6-4020-A91B-8ACC92873B3B}.Debug|x64.Build.0 = Debug|Any CPU
		{53AAD965-40F6-4020-A91B-8ACC92873B3B}.Debug|x86.ActiveCfg = Debug|Any CPU
		{53AAD965-40F6-4020-A91B-8ACC92873B3B}.Debug|x86.Build.0 = Debug|Any CPU
		{53AAD965-40F6-4020-A91B-8ACC92873B3B}.Release|Any CPU.ActiveCfg = Release|Any CPU
		{53AAD965-40F6-4020-A91B-8ACC92873B3B}.Release|Any CPU.Build.0 = Release|Any CPU
		{53AAD965-40F6-4020-A91B-8ACC92873B3B}.Release|x64.ActiveCfg = Release|Any CPU
		{53AAD965-40F6-4020-A91B-8ACC92873B3B}.Release|x64.Build.0 = Release|Any CPU
		{53AAD965-40F6-4020-A91B-8ACC92873B3B}.Release|x86.ActiveCfg = Release|Any CPU
		{53AAD965-40F6-4020-A91B-8ACC92873B3B}.Release|x86.Build.0 = Release|Any CPU
		{814F73E8-85B1-449B-B37B-2D66BC9D4043}.Debug|Any CPU.ActiveCfg = Debug|Any CPU
		{814F73E8-85B1-449B-B37B-2D66BC9D4043}.Debug|Any CPU.Build.0 = Debug|Any CPU
		{814F73E8-85B1-449B-B37B-2D66BC9D4043}.Debug|x64.ActiveCfg = Debug|Any CPU
		{814F73E8-85B1-449B-B37B-2D66BC9D4043}.Debug|x64.Build.0 = Debug|Any CPU
		{814F73E8-85B1-449B-B37B-2D66BC9D4043}.Debug|x86.ActiveCfg = Debug|Any CPU
		{814F73E8-85B1-449B-B37B-2D66BC9D4043}.Debug|x86.Build.0 = Debug|Any CPU
		{814F73E8-85B1-449B-B37B-2D66BC9D4043}.Release|Any CPU.ActiveCfg = Release|Any CPU
		{814F73E8-85B1-449B-B37B-2D66BC9D4043}.Release|Any CPU.Build.0 = Release|Any CPU
		{814F73E8-85B1-449B-B37B-2D66BC9D4043}.Release|x64.ActiveCfg = Release|Any CPU
		{814F73E8-85B1-449B-B37B-2D66BC9D4043}.Release|x64.Build.0 = Release|Any CPU
		{814F73E8-85B1-449B-B37B-2D66BC9D4043}.Release|x86.ActiveCfg = Release|Any CPU
		{814F73E8-85B1-449B-B37B-2D66BC9D4043}.Release|x86.Build.0 = Release|Any CPU
	EndGlobalSection
EndGlobal
